
Microsoft Visual Studio Solution File, Format Version 12.00
# Visual Studio Version 17
VisualStudioVersion = 17.1.32228.430
MinimumVisualStudioVersion = 10.0.40219.1
Project("{FAE04EC0-301F-11D3-BF4B-00C04F79EFBC}") = "shoppingAPP_EFDatabaseFirst", "shoppingAPP_EFDatabaseFirst\shoppingAPP_EFDatabaseFirst.csproj", "{4FCC2DB3-EADC-4FF6-8770-8A859EF5891E}"
EndProject
Global
	GlobalSection(SolutionConfigurationPlatforms) = preSolution
		Debug|Any CPU = Debug|Any CPU
		Release|Any CPU = Release|Any CPU
	EndGlobalSection
	GlobalSection(ProjectConfigurationPlatforms) = postSolution
		{4FCC2DB3-EADC-4FF6-8770-8A859EF5891E}.Debug|Any CPU.ActiveCfg = Debug|Any CPU
		{4FCC2DB3-EADC-4FF6-8770-8A859EF5891E}.Debug|Any CPU.Build.0 = Debug|Any CPU
		{4FCC2DB3-EADC-4FF6-8770-8A859EF5891E}.Release|Any CPU.ActiveCfg = Release|Any CPU
		{4FCC2DB3-EADC-4FF6-8770-8A859EF5891E}.Release|Any CPU.Build.0 = Release|Any CPU
	EndGlobalSection
	GlobalSection(SolutionProperties) = preSolution
		HideSolutionNode = FALSE
	EndGlobalSection
	GlobalSection(ExtensibilityGlobals) = postSolution
		SolutionGuid = {03DD0AFC-C57E-41CD-8DC5-CF170B862048}
	EndGlobalSection
EndGlobal
